// !$*UTF8*$!
{
	archiveVersion = 1;
	classes = {
	};
	objectVersion = 50;
	objects = {

/* Begin PBXBuildFile section */
		3CBC2B0C25E8DC3400E36537 /* AppDelegate.swift in Sources */ = {isa = PBXBuildFile; fileRef = 3CBC2B0B25E8DC3400E36537 /* AppDelegate.swift */; };
		3CBC2B0E25E8DC3400E36537 /* SceneDelegate.swift in Sources */ = {isa = PBXBuildFile; fileRef = 3CBC2B0D25E8DC3400E36537 /* SceneDelegate.swift */; };
		3CBC2B1025E8DC3400E36537 /* ViewController.swift in Sources */ = {isa = PBXBuildFile; fileRef = 3CBC2B0F25E8DC3400E36537 /* ViewController.swift */; };
		3CBC2B1325E8DC3400E36537 /* Main.storyboard in Resources */ = {isa = PBXBuildFile; fileRef = 3CBC2B1125E8DC3400E36537 /* Main.storyboard */; };
		3CBC2B1525E8DC3500E36537 /* Assets.xcassets in Resources */ = {isa = PBXBuildFile; fileRef = 3CBC2B1425E8DC3500E36537 /* Assets.xcassets */; };
		3CBC2B1825E8DC3500E36537 /* LaunchScreen.storyboard in Resources */ = {isa = PBXBuildFile; fileRef = 3CBC2B1625E8DC3500E36537 /* LaunchScreen.storyboard */; };
		3CBC2B2B25E8DF8400E36537 /* 03.webp in Resources */ = {isa = PBXBuildFile; fileRef = 3CBC2B2125E8DF8400E36537 /* 03.webp */; };
		3CBC2B2C25E8DF8400E36537 /* 02.webp in Resources */ = {isa = PBXBuildFile; fileRef = 3CBC2B2225E8DF8400E36537 /* 02.webp */; };
		3CBC2B2D25E8DF8400E36537 /* 09.webp in Resources */ = {isa = PBXBuildFile; fileRef = 3CBC2B2325E8DF8400E36537 /* 09.webp */; };
		3CBC2B2E25E8DF8400E36537 /* 05.webp in Resources */ = {isa = PBXBuildFile; fileRef = 3CBC2B2425E8DF8400E36537 /* 05.webp */; };
		3CBC2B2F25E8DF8400E36537 /* 04.webp in Resources */ = {isa = PBXBuildFile; fileRef = 3CBC2B2525E8DF8400E36537 /* 04.webp */; };
		3CBC2B3025E8DF8400E36537 /* 08.webp in Resources */ = {isa = PBXBuildFile; fileRef = 3CBC2B2625E8DF8400E36537 /* 08.webp */; };
		3CBC2B3125E8DF8400E36537 /* 07.webp in Resources */ = {isa = PBXBuildFile; fileRef = 3CBC2B2725E8DF8400E36537 /* 07.webp */; };
		3CBC2B3225E8DF8400E36537 /* 06.webp in Resources */ = {isa = PBXBuildFile; fileRef = 3CBC2B2825E8DF8400E36537 /* 06.webp */; };
		3CBC2B3325E8DF8400E36537 /* 10.webp in Resources */ = {isa = PBXBuildFile; fileRef = 3CBC2B2925E8DF8400E36537 /* 10.webp */; };
		3CBC2B3425E8DF8400E36537 /* 01.webp in Resources */ = {isa = PBXBuildFile; fileRef = 3CBC2B2A25E8DF8400E36537 /* 01.webp */; };
/* End PBXBuildFile section */

/* Begin PBXFileReference section */
		3CBC2B0825E8DC3400E36537 /* HWS_Project1.app */ = {isa = PBXFileReference; explicitFileType = wrapper.application; includeInIndex = 0; path = HWS_Project1.app; sourceTree = BUILT_PRODUCTS_DIR; };
		3CBC2B0B25E8DC3400E36537 /* AppDelegate.swift */ = {isa = PBXFileReference; lastKnownFileType = sourcecode.swift; path = AppDelegate.swift; sourceTree = "<group>"; };
		3CBC2B0D25E8DC3400E36537 /* SceneDelegate.swift */ = {isa = PBXFileReference; lastKnownFileType = sourcecode.swift; path = SceneDelegate.swift; sourceTree = "<group>"; };
		3CBC2B0F25E8DC3400E36537 /* ViewController.swift */ = {isa = PBXFileReference; lastKnownFileType = sourcecode.swift; path = ViewController.swift; sourceTree = "<group>"; };
		3CBC2B1225E8DC3400E36537 /* Base */ = {isa = PBXFileReference; lastKnownFileType = file.storyboard; name = Base; path = Base.lproj/Main.storyboard; sourceTree = "<group>"; };
		3CBC2B1425E8DC3500E36537 /* Assets.xcassets */ = {isa = PBXFileReference; lastKnownFileType = folder.assetcatalog; path = Assets.xcassets; sourceTree = "<group>"; };
		3CBC2B1725E8DC3500E36537 /* Base */ = {isa = PBXFileReference; lastKnownFileType = file.storyboard; name = Base; path = Base.lproj/LaunchScreen.storyboard; sourceTree = "<group>"; };
		3CBC2B1925E8DC3500E36537 /* Info.plist */ = {isa = PBXFileReference; lastKnownFileType = text.plist.xml; path = Info.plist; sourceTree = "<group>"; };
		3CBC2B2125E8DF8400E36537 /* 03.webp */ = {isa = PBXFileReference; lastKnownFileType = file; path = 03.webp; sourceTree = "<group>"; };
		3CBC2B2225E8DF8400E36537 /* 02.webp */ = {isa = PBXFileReference; lastKnownFileType = file; path = 02.webp; sourceTree = "<group>"; };
		3CBC2B2325E8DF8400E36537 /* 09.webp */ = {isa = PBXFileReference; lastKnownFileType = file; path = 09.webp; sourceTree = "<group>"; };
		3CBC2B2425E8DF8400E36537 /* 05.webp */ = {isa = PBXFileReference; lastKnownFileType = file; path = 05.webp; sourceTree = "<group>"; };
		3CBC2B2525E8DF8400E36537 /* 04.webp */ = {isa = PBXFileReference; lastKnownFileType = file; path = 04.webp; sourceTree = "<group>"; };
		3CBC2B2625E8DF8400E36537 /* 08.webp */ = {isa = PBXFileReference; lastKnownFileType = file; path = 08.webp; sourceTree = "<group>"; };
		3CBC2B2725E8DF8400E36537 /* 07.webp */ = {isa = PBXFileReference; lastKnownFileType = file; path = 07.webp; sourceTree = "<group>"; };
		3CBC2B2825E8DF8400E36537 /* 06.webp */ = {isa = PBXFileReference; lastKnownFileType = file; path = 06.webp; sourceTree = "<group>"; };
		3CBC2B2925E8DF8400E36537 /* 10.webp */ = {isa = PBXFileReference; lastKnownFileType = file; path = 10.webp; sourceTree = "<group>"; };
		3CBC2B2A25E8DF8400E36537 /* 01.webp */ = {isa = PBXFileReference; lastKnownFileType = file; path = 01.webp; sourceTree = "<group>"; };
/* End PBXFileReference section */

/* Begin PBXFrameworksBuildPhase section */
		3CBC2B0525E8DC3400E36537 /* Frameworks */ = {
			isa = PBXFrameworksBuildPhase;
			buildActionMask = 2147483647;
			files = (
			);
			runOnlyForDeploymentPostprocessing = 0;
		};
/* End PBXFrameworksBuildPhase section */

/* Begin PBXGroup section */
		3CBC2AFF25E8DC3400E36537 = {
			isa = PBXGroup;
			children = (
				3CBC2B0A25E8DC3400E36537 /* HWS_Project1 */,
				3CBC2B0925E8DC3400E36537 /* Products */,
			);
			sourceTree = "<group>";
		};
		3CBC2B0925E8DC3400E36537 /* Products */ = {
			isa = PBXGroup;
			children = (
				3CBC2B0825E8DC3400E36537 /* HWS_Project1.app */,
			);
			name = Products;
			sourceTree = "<group>";
		};
		3CBC2B0A25E8DC3400E36537 /* HWS_Project1 */ = {
			isa = PBXGroup;
			children = (
				3CBC2B0B25E8DC3400E36537 /* AppDelegate.swift */,
				3CBC2B0D25E8DC3400E36537 /* SceneDelegate.swift */,
				3CBC2B0F25E8DC3400E36537 /* ViewController.swift */,
				3CBC2B1125E8DC3400E36537 /* Main.storyboard */,
				3CBC2B1425E8DC3500E36537 /* Assets.xcassets */,
				3CBC2B1625E8DC3500E36537 /* LaunchScreen.storyboard */,
				3CBC2B1925E8DC3500E36537 /* Info.plist */,
				3CBC2B2025E8DF8400E36537 /* Contents */,
			);
			path = HWS_Project1;
			sourceTree = "<group>";
		};
		3CBC2B2025E8DF8400E36537 /* Contents */ = {
			isa = PBXGroup;
			children = (
				3CBC2B2125E8DF8400E36537 /* 03.webp */,
				3CBC2B2225E8DF8400E36537 /* 02.webp */,
				3CBC2B2325E8DF8400E36537 /* 09.webp */,
				3CBC2B2425E8DF8400E36537 /* 05.webp */,
				3CBC2B2525E8DF8400E36537 /* 04.webp */,
				3CBC2B2625E8DF8400E36537 /* 08.webp */,
				3CBC2B2725E8DF8400E36537 /* 07.webp */,
				3CBC2B2825E8DF8400E36537 /* 06.webp */,
				3CBC2B2925E8DF8400E36537 /* 10.webp */,
				3CBC2B2A25E8DF8400E36537 /* 01.webp */,
			);
			path = Contents;
			sourceTree = "<group>";
		};
/* End PBXGroup section */

/* Begin PBXNativeTarget section */
		3CBC2B0725E8DC3400E36537 /* HWS_Project1 */ = {
			isa = PBXNativeTarget;
			buildConfigurationList = 3CBC2B1C25E8DC3500E36537 /* Build configuration list for PBXNativeTarget "HWS_Project1" */;
			buildPhases = (
				3CBC2B0425E8DC3400E36537 /* Sources */,
				3CBC2B0525E8DC3400E36537 /* Frameworks */,
				3CBC2B0625E8DC3400E36537 /* Resources */,
			);
			buildRules = (
			);
			dependencies = (
			);
			name = HWS_Project1;
			productName = HWS_Project1;
			productReference = 3CBC2B0825E8DC3400E36537 /* HWS_Project1.app */;
			productType = "com.apple.product-type.application";
		};
/* End PBXNativeTarget section */

/* Begin PBXProject section */
		3CBC2B0025E8DC3400E36537 /* Project object */ = {
			isa = PBXProject;
			attributes = {
				LastSwiftUpdateCheck = 1240;
				LastUpgradeCheck = 1240;
				TargetAttributes = {
					3CBC2B0725E8DC3400E36537 = {
						CreatedOnToolsVersion = 12.4;
					};
				};
			};
			buildConfigurationList = 3CBC2B0325E8DC3400E36537 /* Build configuration list for PBXProject "HWS_Project1" */;
			compatibilityVersion = "Xcode 9.3";
			developmentRegion = en;
			hasScannedForEncodings = 0;
			knownRegions = (
				en,
				Base,
			);
			mainGroup = 3CBC2AFF25E8DC3400E36537;
			productRefGroup = 3CBC2B0925E8DC3400E36537 /* Products */;
			projectDirPath = "";
			projectRoot = "";
			targets = (
				3CBC2B0725E8DC3400E36537 /* HWS_Project1 */,
			);
		};
/* End PBXProject section */

/* Begin PBXResourcesBuildPhase section */
		3CBC2B0625E8DC3400E36537 /* Resources */ = {
			isa = PBXResourcesBuildPhase;
			buildActionMask = 2147483647;
			files = (
				3CBC2B3325E8DF8400E36537 /* 10.webp in Resources */,
				3CBC2B2D25E8DF8400E36537 /* 09.webp in Resources */,
				3CBC2B1825E8DC3500E36537 /* LaunchScreen.storyboard in Resources */,
				3CBC2B3225E8DF8400E36537 /* 06.webp in Resources */,
				3CBC2B2E25E8DF8400E36537 /* 05.webp in Resources */,
				3CBC2B3025E8DF8400E36537 /* 08.webp in Resources */,
				3CBC2B1525E8DC3500E36537 /* Assets.xcassets in Resources */,
				3CBC2B2B25E8DF8400E36537 /* 03.webp in Resources */,
				3CBC2B3425E8DF8400E36537 /* 01.webp in Resources */,
				3CBC2B2C25E8DF8400E36537 /* 02.webp in Resources */,
				3CBC2B1325E8DC3400E36537 /* Main.storyboard in Resources */,
				3CBC2B3125E8DF8400E36537 /* 07.webp in Resources */,
				3CBC2B2F25E8DF8400E36537 /* 04.webp in Resources */,
			);
			runOnlyForDeploymentPostprocessing = 0;
		};
/* End PBXResourcesBuildPhase section */

/* Begin PBXSourcesBuildPhase section */
		3CBC2B0425E8DC3400E36537 /* Sources */ = {
			isa = PBXSourcesBuildPhase;
			buildActionMask = 2147483647;
			files = (
				3CBC2B1025E8DC3400E36537 /* ViewController.swift in Sources */,
				3CBC2B0C25E8DC3400E36537 /* AppDelegate.swift in Sources */,
				3CBC2B0E25E8DC3400E36537 /* SceneDelegate.swift in Sources */,
			);
			runOnlyForDeploymentPostprocessing = 0;
		};
/* End PBXSourcesBuildPhase section */

/* Begin PBXVariantGroup section */
		3CBC2B1125E8DC3400E36537 /* Main.storyboard */ = {
			isa = PBXVariantGroup;
			children = (
				3CBC2B1225E8DC3400E36537 /* Base */,
			);
			name = Main.storyboard;
			sourceTree = "<group>";
		};
		3CBC2B1625E8DC3500E36537 /* LaunchScreen.storyboard */ = {
			isa = PBXVariantGroup;
			children = (
				3CBC2B1725E8DC3500E36537 /* Base */,
			);
			name = LaunchScreen.storyboard;
			sourceTree = "<group>";
		};
/* End PBXVariantGroup section */

/* Begin XCBuildConfiguration section */
		3CBC2B1A25E8DC3500E36537 /* Debug */ = {
			isa = XCBuildConfiguration;
			buildSettings = {
				ALWAYS_SEARCH_USER_PATHS = NO;
				CLANG_ANALYZER_NONNULL = YES;
				CLANG_ANALYZER_NUMBER_OBJECT_CONVERSION = YES_AGGRESSIVE;
				CLANG_CXX_LANGUAGE_STANDARD = "gnu++14";
				CLANG_CXX_LIBRARY = "libc++";
				CLANG_ENABLE_MODULES = YES;
				CLANG_ENABLE_OBJC_ARC = YES;
				CLANG_ENABLE_OBJC_WEAK = YES;
				CLANG_WARN_BLOCK_CAPTURE_AUTORELEASING = YES;
				CLANG_WARN_BOOL_CONVERSION = YES;
				CLANG_WARN_COMMA = YES;
				CLANG_WARN_CONSTANT_CONVERSION = YES;
				CLANG_WARN_DEPRECATED_OBJC_IMPLEMENTATIONS = YES;
				CLANG_WARN_DIRECT_OBJC_ISA_USAGE = YES_ERROR;
				CLANG_WARN_DOCUMENTATION_COMMENTS = YES;
				CLANG_WARN_EMPTY_BODY = YES;
				CLANG_WARN_ENUM_CONVERSION = YES;
				CLANG_WARN_INFINITE_RECURSION = YES;
				CLANG_WARN_INT_CONVERSION = YES;
				CLANG_WARN_NON_LITERAL_NULL_CONVERSION = YES;
				CLANG_WARN_OBJC_IMPLICIT_RETAIN_SELF = YES;
				CLANG_WARN_OBJC_LITERAL_CONVERSION = YES;
				CLANG_WARN_OBJC_ROOT_CLASS = YES_ERROR;
				CLANG_WARN_QUOTED_INCLUDE_IN_FRAMEWORK_HEADER = YES;
				CLANG_WARN_RANGE_LOOP_ANALYSIS = YES;
				CLANG_WARN_STRICT_PROTOTYPES = YES;
				CLANG_WARN_SUSPICIOUS_MOVE = YES;
				CLANG_WARN_UNGUARDED_AVAILABILITY = YES_AGGRESSIVE;
				CLANG_WARN_UNREACHABLE_CODE = YES;
				CLANG_WARN__DUPLICATE_METHOD_MATCH = YES;
				COPY_PHASE_STRIP = NO;
				DEBUG_INFORMATION_FORMAT = dwarf;
				ENABLE_STRICT_OBJC_MSGSEND = YES;
				ENABLE_TESTABILITY = YES;
				GCC_C_LANGUAGE_STANDARD = gnu11;
				GCC_DYNAMIC_NO_PIC = NO;
				GCC_NO_COMMON_BLOCKS = YES;
				GCC_OPTIMIZATION_LEVEL = 0;
				GCC_PREPROCESSOR_DEFINITIONS = (
					"DEBUG=1",
					"$(inherited)",
				);
				GCC_WARN_64_TO_32_BIT_CONVERSION = YES;
				GCC_WARN_ABOUT_RETURN_TYPE = YES_ERROR;
				GCC_WARN_UNDECLARED_SELECTOR = YES;
				GCC_WARN_UNINITIALIZED_AUTOS = YES_AGGRESSIVE;
				GCC_WARN_UNUSED_FUNCTION = YES;
				GCC_WARN_UNUSED_VARIABLE = YES;
				IPHONEOS_DEPLOYMENT_TARGET = 14.4;
				MTL_ENABLE_DEBUG_INFO = INCLUDE_SOURCE;
				MTL_FAST_MATH = YES;
				ONLY_ACTIVE_ARCH = YES;
				SDKROOT = iphoneos;
				SWIFT_ACTIVE_COMPILATION_CONDITIONS = DEBUG;
				SWIFT_OPTIMIZATION_LEVEL = "-Onone";
			};
			name = Debug;
		};
		3CBC2B1B25E8DC3500E36537 /* Release */ = {
			isa = XCBuildConfiguration;
			buildSettings = {
				ALWAYS_SEARCH_USER_PATHS = NO;
				CLANG_ANALYZER_NONNULL = YES;
				CLANG_ANALYZER_NUMBER_OBJECT_CONVERSION = YES_AGGRESSIVE;
				CLANG_CXX_LANGUAGE_STANDARD = "gnu++14";
				CLANG_CXX_LIBRARY = "libc++";
				CLANG_ENABLE_MODULES = YES;
				CLANG_ENABLE_OBJC_ARC = YES;
				CLANG_ENABLE_OBJC_WEAK = YES;
				CLANG_WARN_BLOCK_CAPTURE_AUTORELEASING = YES;
				CLANG_WARN_BOOL_CONVERSION = YES;
				CLANG_WARN_COMMA = YES;
				CLANG_WARN_CONSTANT_CONVERSION = YES;
				CLANG_WARN_DEPRECATED_OBJC_IMPLEMENTATIONS = YES;
				CLANG_WARN_DIRECT_OBJC_ISA_USAGE = YES_ERROR;
				CLANG_WARN_DOCUMENTATION_COMMENTS = YES;
				CLANG_WARN_EMPTY_BODY = YES;
				CLANG_WARN_ENUM_CONVERSION = YES;
				CLANG_WARN_INFINITE_RECURSION = YES;
				CLANG_WARN_INT_CONVERSION = YES;
				CLANG_WARN_NON_LITERAL_NULL_CONVERSION = YES;
				CLANG_WARN_OBJC_IMPLICIT_RETAIN_SELF = YES;
				CLANG_WARN_OBJC_LITERAL_CONVERSION = YES;
				CLANG_WARN_OBJC_ROOT_CLASS = YES_ERROR;
				CLANG_WARN_QUOTED_INCLUDE_IN_FRAMEWORK_HEADER = YES;
				CLANG_WARN_RANGE_LOOP_ANALYSIS = YES;
				CLANG_WARN_STRICT_PROTOTYPES = YES;
				CLANG_WARN_SUSPICIOUS_MOVE = YES;
				CLANG_WARN_UNGUARDED_AVAILABILITY = YES_AGGRESSIVE;
				CLANG_WARN_UNREACHABLE_CODE = YES;
				CLANG_WARN__DUPLICATE_METHOD_MATCH = YES;
				COPY_PHASE_STRIP = NO;
				DEBUG_INFORMATION_FORMAT = "dwarf-with-dsym";
				ENABLE_NS_ASSERTIONS = NO;
				ENABLE_STRICT_OBJC_MSGSEND = YES;
				GCC_C_LANGUAGE_STANDARD = gnu11;
				GCC_NO_COMMON_BLOCKS = YES;
				GCC_WARN_64_TO_32_BIT_CONVERSION = YES;
				GCC_WARN_ABOUT_RETURN_TYPE = YES_ERROR;
				GCC_WARN_UNDECLARED_SELECTOR = YES;
				GCC_WARN_UNINITIALIZED_AUTOS = YES_AGGRESSIVE;
				GCC_WARN_UNUSED_FUNCTION = YES;
				GCC_WARN_UNUSED_VARIABLE = YES;
				IPHONEOS_DEPLOYMENT_TARGET = 14.4;
				MTL_ENABLE_DEBUG_INFO = NO;
				MTL_FAST_MATH = YES;
				SDKROOT = iphoneos;
				SWIFT_COMPILATION_MODE = wholemodule;
				SWIFT_OPTIMIZATION_LEVEL = "-O";
				VALIDATE_PRODUCT = YES;
			};
			name = Release;
		};
		3CBC2B1D25E8DC3500E36537 /* Debug */ = {
			isa = XCBuildConfiguration;
			buildSettings = {
				ASSETCATALOG_COMPILER_APPICON_NAME = AppIcon;
				ASSETCATALOG_COMPILER_GLOBAL_ACCENT_COLOR_NAME = AccentColor;
				CODE_SIGN_STYLE = Automatic;
				DEVELOPMENT_TEAM = 8SV798S53Y;
				INFOPLIST_FILE = HWS_Project1/Info.plist;
				LD_RUNPATH_SEARCH_PATHS = (
					"$(inherited)",
					"@executable_path/Frameworks",
				);
				PRODUCT_BUNDLE_IDENTIFIER = "com.Jinapps.HWS-Project1";
				PRODUCT_NAME = "$(TARGET_NAME)";
				SWIFT_VERSION = 5.0;
				TARGETED_DEVICE_FAMILY = 1;
			};
			name = Debug;
		};
		3CBC2B1E25E8DC3500E36537 /* Release */ = {
			isa = XCBuildConfiguration;
			buildSettings = {
				ASSETCATALOG_COMPILER_APPICON_NAME = AppIcon;
				ASSETCATALOG_COMPILER_GLOBAL_ACCENT_COLOR_NAME = AccentColor;
				CODE_SIGN_STYLE = Automatic;
				DEVELOPMENT_TEAM = 8SV798S53Y;
				INFOPLIST_FILE = HWS_Project1/Info.plist;
				LD_RUNPATH_SEARCH_PATHS = (
					"$(inherited)",
					"@executable_path/Frameworks",
				);
				PRODUCT_BUNDLE_IDENTIFIER = "com.Jinapps.HWS-Project1";
				PRODUCT_NAME = "$(TARGET_NAME)";
				SWIFT_VERSION = 5.0;
				TARGETED_DEVICE_FAMILY = 1;
			};
			name = Release;
		};
/* End XCBuildConfiguration section */

/* Begin XCConfigurationList section */
		3CBC2B0325E8DC3400E36537 /* Build configuration list for PBXProject "HWS_Project1" */ = {
			isa = XCConfigurationList;
			buildConfigurations = (
				3CBC2B1A25E8DC3500E36537 /* Debug */,
				3CBC2B1B25E8DC3500E36537 /* Release */,
			);
			defaultConfigurationIsVisible = 0;
			defaultConfigurationName = Release;
		};
		3CBC2B1C25E8DC3500E36537 /* Build configuration list for PBXNativeTarget "HWS_Project1" */ = {
			isa = XCConfigurationList;
			buildConfigurations = (
				3CBC2B1D25E8DC3500E36537 /* Debug */,
				3CBC2B1E25E8DC3500E36537 /* Release */,
			);
			defaultConfigurationIsVisible = 0;
			defaultConfigurationName = Release;
		};
/* End XCConfigurationList section */
	};
	rootObject = 3CBC2B0025E8DC3400E36537 /* Project object */;
}
